
Microsoft Visual Studio Solution File, Format Version 12.00
# Visual Studio Version 17
VisualStudioVersion = 17.11.35303.130
MinimumVisualStudioVersion = 10.0.40219.1
Project("{FAE04EC0-301F-11D3-BF4B-00C04F79EFBC}") = "Bai1", "Bai1.csproj", "{F2AEBC70-FEB7-4AA0-8059-4EF8AAD72BC0}"
EndProject
Project("{FAE04EC0-301F-11D3-BF4B-00C04F79EFBC}") = "Bai2", "..\Bai2\Bai2.csproj", "{CFF3FCD5-2A7A-4789-8493-33EA0FA25220}"
EndProject
Project("{FAE04EC0-301F-11D3-BF4B-00C04F79EFBC}") = "Bai3", "..\Bai3\Bai3.csproj", "{213C8BFC-A961-4773-BE95-79B2DF27E77B}"
EndProject
Project("{FAE04EC0-301F-11D3-BF4B-00C04F79EFBC}") = "Bai4", "..\Bai4\Bai4.csproj", "{FB8AD0BB-E32D-42EC-88BB-5C7D76795C32}"
EndProject
Project("{FAE04EC0-301F-11D3-BF4B-00C04F79EFBC}") = "Bai5", "..\Bai5\Bai5.csproj", "{1F669C18-6726-4D6C-9385-EC720F9E992A}"
EndProject
Project("{FAE04EC0-301F-11D3-BF4B-00C04F79EFBC}") = "Bai6", "..\Bai6\Bai6.csproj", "{3BD39886-CED0-4AE1-8813-29FCFAA5DDA9}"
EndProject
Project("{FAE04EC0-301F-11D3-BF4B-00C04F79EFBC}") = "Bai7", "..\Bai7\Bai7.csproj", "{17A27812-3139-491C-BA71-FB75D6303EB0}"
EndProject
Project("{FAE04EC0-301F-11D3-BF4B-00C04F79EFBC}") = "Bai8", "..\Bai8\Bai8.csproj", "{5C31D252-39EE-440B-B8D2-DC3F2190B75A}"
EndProject
Project("{FAE04EC0-301F-11D3-BF4B-00C04F79EFBC}") = "BTCG", "..\BTCG\BTCG.csproj", "{5616B161-429A-4746-8066-C510DCD96BCB}"
EndProject
Project("{FAE04EC0-301F-11D3-BF4B-00C04F79EFBC}") = "DSGV", "..\DSGV\DSGV.csproj", "{9AA5D110-58A1-46EA-942E-DC91A85255BE}"
EndProject
Project("{FAE04EC0-301F-11D3-BF4B-00C04F79EFBC}") = "Bai9", "..\Bai9\Bai9.csproj", "{61FA5EA7-02AC-4ABF-85D4-264FAC3F86F1}"
EndProject
Project("{FAE04EC0-301F-11D3-BF4B-00C04F79EFBC}") = "Bai10", "..\Bai10\Bai10.csproj", "{63B64655-0A3D-48B1-9AAF-1F07637BB0AD}"
EndProject
Global
	GlobalSection(SolutionConfigurationPlatforms) = preSolution
		Debug|Any CPU = Debug|Any CPU
		Release|Any CPU = Release|Any CPU
	EndGlobalSection
	GlobalSection(ProjectConfigurationPlatforms) = postSolution
		{F2AEBC70-FEB7-4AA0-8059-4EF8AAD72BC0}.Debug|Any CPU.ActiveCfg = Debug|Any CPU
		{F2AEBC70-FEB7-4AA0-8059-4EF8AAD72BC0}.Debug|Any CPU.Build.0 = Debug|Any CPU
		{F2AEBC70-FEB7-4AA0-8059-4EF8AAD72BC0}.Release|Any CPU.ActiveCfg = Release|Any CPU
		{F2AEBC70-FEB7-4AA0-8059-4EF8AAD72BC0}.Release|Any CPU.Build.0 = Release|Any CPU
		{CFF3FCD5-2A7A-4789-8493-33EA0FA25220}.Debug|Any CPU.ActiveCfg = Debug|Any CPU
		{CFF3FCD5-2A7A-4789-8493-33EA0FA25220}.Debug|Any CPU.Build.0 = Debug|Any CPU
		{CFF3FCD5-2A7A-4789-8493-33EA0FA25220}.Release|Any CPU.ActiveCfg = Release|Any CPU
		{CFF3FCD5-2A7A-4789-8493-33EA0FA25220}.Release|Any CPU.Build.0 = Release|Any CPU
		{213C8BFC-A961-4773-BE95-79B2DF27E77B}.Debug|Any CPU.ActiveCfg = Debug|Any CPU
		{213C8BFC-A961-4773-BE95-79B2DF27E77B}.Debug|Any CPU.Build.0 = Debug|Any CPU
		{213C8BFC-A961-4773-BE95-79B2DF27E77B}.Release|Any CPU.ActiveCfg = Release|Any CPU
		{213C8BFC-A961-4773-BE95-79B2DF27E77B}.Release|Any CPU.Build.0 = Release|Any CPU
		{FB8AD0BB-E32D-42EC-88BB-5C7D76795C32}.Debug|Any CPU.ActiveCfg = Debug|Any CPU
		{FB8AD0BB-E32D-42EC-88BB-5C7D76795C32}.Debug|Any CPU.Build.0 = Debug|Any CPU
		{FB8AD0BB-E32D-42EC-88BB-5C7D76795C32}.Release|Any CPU.ActiveCfg = Release|Any CPU
		{FB8AD0BB-E32D-42EC-88BB-5C7D76795C32}.Release|Any CPU.Build.0 = Release|Any CPU
		{1F669C18-6726-4D6C-9385-EC720F9E992A}.Debug|Any CPU.ActiveCfg = Debug|Any CPU
		{1F669C18-6726-4D6C-9385-EC720F9E992A}.Debug|Any CPU.Build.0 = Debug|Any CPU
		{1F669C18-6726-4D6C-9385-EC720F9E992A}.Release|Any CPU.ActiveCfg = Release|Any CPU
		{1F669C18-6726-4D6C-9385-EC720F9E992A}.Release|Any CPU.Build.0 = Release|Any CPU
		{3BD39886-CED0-4AE1-8813-29FCFAA5DDA9}.Debug|Any CPU.ActiveCfg = Debug|Any CPU
		{3BD39886-CED0-4AE1-8813-29FCFAA5DDA9}.Debug|Any CPU.Build.0 = Debug|Any CPU
		{3BD39886-CED0-4AE1-8813-29FCFAA5DDA9}.Release|Any CPU.ActiveCfg = Release|Any CPU
		{3BD39886-CED0-4AE1-8813-29FCFAA5DDA9}.Release|Any CPU.Build.0 = Release|Any CPU
		{17A27812-3139-491C-BA71-FB75D6303EB0}.Debug|Any CPU.ActiveCfg = Debug|Any CPU
		{17A27812-3139-491C-BA71-FB75D6303EB0}.Debug|Any CPU.Build.0 = Debug|Any CPU
		{17A27812-3139-491C-BA71-FB75D6303EB0}.Release|Any CPU.ActiveCfg = Release|Any CPU
		{17A27812-3139-491C-BA71-FB75D6303EB0}.Release|Any CPU.Build.0 = Release|Any CPU
		{5C31D252-39EE-440B-B8D2-DC3F2190B75A}.Debug|Any CPU.ActiveCfg = Debug|Any CPU
		{5C31D252-39EE-440B-B8D2-DC3F2190B75A}.Debug|Any CPU.Build.0 = Debug|Any CPU
		{5C31D252-39EE-440B-B8D2-DC3F2190B75A}.Release|Any CPU.ActiveCfg = Release|Any CPU
		{5C31D252-39EE-440B-B8D2-DC3F2190B75A}.Release|Any CPU.Build.0 = Release|Any CPU
		{5616B161-429A-4746-8066-C510DCD96BCB}.Debug|Any CPU.ActiveCfg = Debug|Any CPU
		{5616B161-429A-4746-8066-C510DCD96BCB}.Debug|Any CPU.Build.0 = Debug|Any CPU
		{5616B161-429A-4746-8066-C510DCD96BCB}.Release|Any CPU.ActiveCfg = Release|Any CPU
		{5616B161-429A-4746-8066-C510DCD96BCB}.Release|Any CPU.Build.0 = Release|Any CPU
		{9AA5D110-58A1-46EA-942E-DC91A85255BE}.Debug|Any CPU.ActiveCfg = Debug|Any CPU
		{9AA5D110-58A1-46EA-942E-DC91A85255BE}.Debug|Any CPU.Build.0 = Debug|Any CPU
		{9AA5D110-58A1-46EA-942E-DC91A85255BE}.Release|Any CPU.ActiveCfg = Release|Any CPU
		{9AA5D110-58A1-46EA-942E-DC91A85255BE}.Release|Any CPU.Build.0 = Release|Any CPU
		{61FA5EA7-02AC-4ABF-85D4-264FAC3F86F1}.Debug|Any CPU.ActiveCfg = Debug|Any CPU
		{61FA5EA7-02AC-4ABF-85D4-264FAC3F86F1}.Debug|Any CPU.Build.0 = Debug|Any CPU
		{61FA5EA7-02AC-4ABF-85D4-264FAC3F86F1}.Release|Any CPU.ActiveCfg = Release|Any CPU
		{61FA5EA7-02AC-4ABF-85D4-264FAC3F86F1}.Release|Any CPU.Build.0 = Release|Any CPU
		{63B64655-0A3D-48B1-9AAF-1F07637BB0AD}.Debug|Any CPU.ActiveCfg = Debug|Any CPU
		{63B64655-0A3D-48B1-9AAF-1F07637BB0AD}.Debug|Any CPU.Build.0 = Debug|Any CPU
		{63B64655-0A3D-48B1-9AAF-1F07637BB0AD}.Release|Any CPU.ActiveCfg = Release|Any CPU
		{63B64655-0A3D-48B1-9AAF-1F07637BB0AD}.Release|Any CPU.Build.0 = Release|Any CPU
	EndGlobalSection
	GlobalSection(SolutionProperties) = preSolution
		HideSolutionNode = FALSE
	EndGlobalSection
	GlobalSection(ExtensibilityGlobals) = postSolution
		SolutionGuid = {BEE634A2-00BE-4CC9-8615-CC16A7639735}
	EndGlobalSection
EndGlobal
