
Microsoft Visual Studio Solution File, Format Version 12.00
# Visual Studio Version 17
VisualStudioVersion = 17.11.35303.130
MinimumVisualStudioVersion = 10.0.40219.1
Project("{FAE04EC0-301F-11D3-BF4B-00C04F79EFBC}") = "Bai1", "Bai1.csproj", "{D9060F65-0A73-42DF-A95F-EC22372EE2C1}"
EndProject
Global
	GlobalSection(SolutionConfigurationPlatforms) = preSolution
		Debug|Any CPU = Debug|Any CPU
		Release|Any CPU = Release|Any CPU
	EndGlobalSection
	GlobalSection(ProjectConfigurationPlatforms) = postSolution
		{D9060F65-0A73-42DF-A95F-EC22372EE2C1}.Debug|Any CPU.ActiveCfg = Debug|Any CPU
		{D9060F65-0A73-42DF-A95F-EC22372EE2C1}.Debug|Any CPU.Build.0 = Debug|Any CPU
		{D9060F65-0A73-42DF-A95F-EC22372EE2C1}.Release|Any CPU.ActiveCfg = Release|Any CPU
		{D9060F65-0A73-42DF-A95F-EC22372EE2C1}.Release|Any CPU.Build.0 = Release|Any CPU
	EndGlobalSection
	GlobalSection(SolutionProperties) = preSolution
		HideSolutionNode = FALSE
	EndGlobalSection
	GlobalSection(ExtensibilityGlobals) = postSolution
		SolutionGuid = {F0339394-8621-4FB6-BC62-4ACDE76BFBC1}
	EndGlobalSection
EndGlobal
